
Microsoft Visual Studio Solution File, Format Version 12.00
# Visual Studio Version 16
VisualStudioVersion = 16.0.31005.135
MinimumVisualStudioVersion = 10.0.40219.1
Project("{FAE04EC0-301F-11D3-BF4B-00C04F79EFBC}") = "ConsoleApp1", "ConsoleApp1\ConsoleApp1.csproj", "{A1D5BC56-C412-44D7-BC3F-CD5862B70412}"
EndProject
Global
	GlobalSection(SolutionConfigurationPlatforms) = preSolution
		Debug|Any CPU = Debug|Any CPU
		Release|Any CPU = Release|Any CPU
	EndGlobalSection
	GlobalSection(ProjectConfigurationPlatforms) = postSolution
		{A1D5BC56-C412-44D7-BC3F-CD5862B70412}.Debug|Any CPU.ActiveCfg = Debug|Any CPU
		{A1D5BC56-C412-44D7-BC3F-CD5862B70412}.Debug|Any CPU.Build.0 = Debug|Any CPU
		{A1D5BC56-C412-44D7-BC3F-CD5862B70412}.Release|Any CPU.ActiveCfg = Release|Any CPU
		{A1D5BC56-C412-44D7-BC3F-CD5862B70412}.Release|Any CPU.Build.0 = Release|Any CPU
	EndGlobalSection
	GlobalSection(SolutionProperties) = preSolution
		HideSolutionNode = FALSE
	EndGlobalSection
	GlobalSection(ExtensibilityGlobals) = postSolution
		SolutionGuid = {365F4728-ACF1-4B4D-A44A-0F603B14B52D}
	EndGlobalSection
EndGlobal
